
Microsoft Visual Studio Solution File, Format Version 12.00
# Visual Studio 15
VisualStudioVersion = 15.0.28307.438
MinimumVisualStudioVersion = 10.0.40219.1
Project("{F184B08F-C81C-45F6-A57F-5ABD9991F28F}") = "Meridian.Example", "Meridian.Example\Meridian.Example.vbproj", "{2E06E234-1143-479D-8A16-611CB6CCC964}"
EndProject
Global
	GlobalSection(SolutionConfigurationPlatforms) = preSolution
		Debug|Any CPU = Debug|Any CPU
		Release|Any CPU = Release|Any CPU
	EndGlobalSection
	GlobalSection(ProjectConfigurationPlatforms) = postSolution
		{2E06E234-1143-479D-8A16-611CB6CCC964}.Debug|Any CPU.ActiveCfg = Debug|Any CPU
		{2E06E234-1143-479D-8A16-611CB6CCC964}.Debug|Any CPU.Build.0 = Debug|Any CPU
		{2E06E234-1143-479D-8A16-611CB6CCC964}.Release|Any CPU.ActiveCfg = Release|Any CPU
		{2E06E234-1143-479D-8A16-611CB6CCC964}.Release|Any CPU.Build.0 = Release|Any CPU
	EndGlobalSection
	GlobalSection(SolutionProperties) = preSolution
		HideSolutionNode = FALSE
	EndGlobalSection
	GlobalSection(ExtensibilityGlobals) = postSolution
		SolutionGuid = {42929A9C-21ED-49FB-97B4-4E0180279416}
	EndGlobalSection
EndGlobal
